Microsoft Visual Studio Solution File, Format Version 12.00
# Visual Studio Version 17
VisualStudioVersion = 17.5.2.0
MinimumVisualStudioVersion = 10.0.40219.1
Project("{FAE04EC0-301F-11D3-BF4B-00C04F79EFBC}") = "CarrinhoSimples", "CarrinhoSimples.csproj", "{AD3BBB26-AD09-4534-9489-D4E8302E85E6}"
EndProject
Global
	GlobalSection(SolutionConfigurationPlatforms) = preSolution
		Debug|Any CPU = Debug|Any CPU
		Release|Any CPU = Release|Any CPU
	EndGlobalSection
	GlobalSection(ProjectConfigurationPlatforms) = postSolution
		{AD3BBB26-AD09-4534-9489-D4E8302E85E6}.Debug|Any CPU.ActiveCfg = Debug|Any CPU
		{AD3BBB26-AD09-4534-9489-D4E8302E85E6}.Debug|Any CPU.Build.0 = Debug|Any CPU
		{AD3BBB26-AD09-4534-9489-D4E8302E85E6}.Release|Any CPU.ActiveCfg = Release|Any CPU
		{AD3BBB26-AD09-4534-9489-D4E8302E85E6}.Release|Any CPU.Build.0 = Release|Any CPU
	EndGlobalSection
	GlobalSection(SolutionProperties) = preSolution
		HideSolutionNode = FALSE
	EndGlobalSection
	GlobalSection(ExtensibilityGlobals) = postSolution
		SolutionGuid = {099F2B2B-2F8B-4B27-8A1C-89F143C55C9C}
	EndGlobalSection
EndGlobal
